{
  "name": "devops_tf_templates",
  "lockfileVersion": 3,
  "requires": true,
  "packages": {
    "": {
      "dependencies": {
        "@azure/mcp": "^0.2.6"
      }
    },
    "node_modules/@azure/mcp": {
      "version": "0.2.6",
      "resolved": "https://registry.npmjs.org/@azure/mcp/-/mcp-0.2.6.tgz",
      "integrity": "sha512-DoTN7cuUjxlDcbnl2ZWpDO6TtSNgPIUKvqdawjbg+Kbj8WZiP54Ef2gfxge4xUkAW7q6tITqE0ZjGU1e/IOV8w==",
      "cpu": [
        "x64",
        "arm64"
      ],
      "license": "MIT",
      "os": [
        "darwin",
        "linux",
        "win32"
      ],
      "bin": {
        "azmcp": "index.js"
      },
      "engines": {
        "node": ">=18.0.0"
      },
      "optionalDependencies": {
        "@azure/mcp-darwin-arm64": "0.2.6",
        "@azure/mcp-darwin-x64": "0.2.6",
        "@azure/mcp-linux-arm64": "0.2.6",
        "@azure/mcp-linux-x64": "0.2.6",
        "@azure/mcp-win32-arm64": "0.2.6",
        "@azure/mcp-win32-x64": "0.2.6"
      }
    },
    "node_modules/@azure/mcp-darwin-arm64": {
      "version": "0.2.6",
      "resolved": "https://registry.npmjs.org/@azure/mcp-darwin-arm64/-/mcp-darwin-arm64-0.2.6.tgz",
      "integrity": "sha512-VasQGw/mDZ80VA7ewGXuEs0tF3B/lOYBvlFG5bKwnaPfJ5ephhlC3r7Suss9VgfA0s7umHm2PnFXqHxMhU9pFw==",
      "cpu": [
        "arm64"
      ],
      "license": "MIT",
      "optional": true,
      "os": [
        "darwin"
      ],
      "bin": {
        "azmcp-darwin-arm64": "dist/azmcp"
      },
      "engines": {
        "node": ">=18.0.0"
      }
    },
    "node_modules/@azure/mcp-darwin-x64": {
      "version": "0.2.6",
      "resolved": "https://registry.npmjs.org/@azure/mcp-darwin-x64/-/mcp-darwin-x64-0.2.6.tgz",
      "integrity": "sha512-9MUXxcysmG05mVmlFLjAwul6H4V0ocp0/fe30G/PGFNVV+cThqcfHVQMNi/I3yJZ5Lj/NESNjUoWu3SWUhD/Hg==",
      "cpu": [
        "x64"
      ],
      "license": "MIT",
      "optional": true,
      "os": [
        "darwin"
      ],
      "bin": {
        "azmcp-darwin-x64": "dist/azmcp"
      },
      "engines": {
        "node": ">=18.0.0"
      }
    },
    "node_modules/@azure/mcp-linux-arm64": {
      "version": "0.2.6",
      "resolved": "https://registry.npmjs.org/@azure/mcp-linux-arm64/-/mcp-linux-arm64-0.2.6.tgz",
      "integrity": "sha512-X2GIFYYpAl8uFrTmie/3biGezkf0qvelA8KtqSgNsf8lxe0/YymyRL0JrtFaNuskwoe6T86f4HJ5lIvaFGbEYQ==",
      "cpu": [
        "arm64"
      ],
      "license": "MIT",
      "optional": true,
      "os": [
        "linux"
      ],
      "bin": {
        "azmcp-linux-arm64": "dist/azmcp"
      },
      "engines": {
        "node": ">=18.0.0"
      }
    },
    "node_modules/@azure/mcp-linux-x64": {
      "version": "0.2.6",
      "resolved": "https://registry.npmjs.org/@azure/mcp-linux-x64/-/mcp-linux-x64-0.2.6.tgz",
      "integrity": "sha512-Yg2vVmX9dU7q/sYzQQA01qdEU09RYIs5t+rUfjerhZEdTsT+1u6VDVvA9XZ5ezG6GIopgdDivdS9vPba5CPZtw==",
      "cpu": [
        "x64"
      ],
      "license": "MIT",
      "optional": true,
      "os": [
        "linux"
      ],
      "bin": {
        "azmcp-linux-x64": "dist/azmcp"
      },
      "engines": {
        "node": ">=18.0.0"
      }
    },
    "node_modules/@azure/mcp-win32-arm64": {
      "version": "0.2.6",
      "resolved": "https://registry.npmjs.org/@azure/mcp-win32-arm64/-/mcp-win32-arm64-0.2.6.tgz",
      "integrity": "sha512-mGmKxqYKUI7EGjFuFHt5UXFIZymIJO25oEYblve48ST93acsCn8sMHOixkGnlW1aOwtLKFNHHdcurAW1R0JrAQ==",
      "cpu": [
        "arm64"
      ],
      "license": "MIT",
      "optional": true,
      "os": [
        "win32"
      ],
      "bin": {
        "azmcp-win32-arm64": "dist/azmcp.exe"
      },
      "engines": {
        "node": ">=18.0.0"
      }
    },
    "node_modules/@azure/mcp-win32-x64": {
      "version": "0.2.6",
      "resolved": "https://registry.npmjs.org/@azure/mcp-win32-x64/-/mcp-win32-x64-0.2.6.tgz",
      "integrity": "sha512-OSgwkNUTcfncpG3XhLkgU9dueB79+gWS27rH+oUE/PH8goN16r4hGwspcYb2IJcc8kunlLDlI1Yb5eMSPsMJBg==",
      "cpu": [
        "x64"
      ],
      "license": "MIT",
      "optional": true,
      "os": [
        "win32"
      ],
      "bin": {
        "azmcp-win32-x64": "dist/azmcp.exe"
      },
      "engines": {
        "node": ">=18.0.0"
      }
    }
  }
}
